// !$*UTF8*$!
{
	archiveVersion = 1;
	classes = {
	};
	objectVersion = 46;
	objects = {

/* Begin PBXBuildFile section */
		E61750701BB2C4AD0087CFF4 /* Deck.m in Sources */ = {isa = PBXBuildFile; fileRef = E617506F1BB2C4AD0087CFF4 /* Deck.m */; };
		E61750761BB2C88D0087CFF4 /* PlayingCard.m in Sources */ = {isa = PBXBuildFile; fileRef = E61750751BB2C88D0087CFF4 /* PlayingCard.m */; };
		E61750791BB2D2500087CFF4 /* PlayingCardDeck.m in Sources */ = {isa = PBXBuildFile; fileRef = E61750781BB2D2500087CFF4 /* PlayingCardDeck.m */; };
		E63F982F1B9F030500F4E843 /* main.m in Sources */ = {isa = PBXBuildFile; fileRef = E63F982E1B9F030500F4E843 /* main.m */; };
		E63F98321B9F030500F4E843 /* AppDelegate.m in Sources */ = {isa = PBXBuildFile; fileRef = E63F98311B9F030500F4E843 /* AppDelegate.m */; };
		E63F98351B9F030500F4E843 /* ViewController.m in Sources */ = {isa = PBXBuildFile; fileRef = E63F98341B9F030500F4E843 /* ViewController.m */; };
		E63F98381B9F030500F4E843 /* Main.storyboard in Resources */ = {isa = PBXBuildFile; fileRef = E63F98361B9F030500F4E843 /* Main.storyboard */; };
		E63F983A1B9F030500F4E843 /* Images.xcassets in Resources */ = {isa = PBXBuildFile; fileRef = E63F98391B9F030500F4E843 /* Images.xcassets */; };
		E63F983D1B9F030500F4E843 /* LaunchScreen.xib in Resources */ = {isa = PBXBuildFile; fileRef = E63F983B1B9F030500F4E843 /* LaunchScreen.xib */; };
		E63F98491B9F030500F4E843 /* CardGameTests.m in Sources */ = {isa = PBXBuildFile; fileRef = E63F98481B9F030500F4E843 /* CardGameTests.m */; };
		E63F98571B9F06C200F4E843 /* Card.m in Sources */ = {isa = PBXBuildFile; fileRef = E63F98561B9F06C200F4E843 /* Card.m */; };
		E6D21A061BF0D358007CE800 /* CardMatchingGame.m in Sources */ = {isa = PBXBuildFile; fileRef = E6D21A051BF0D358007CE800 /* CardMatchingGame.m */; };
		E6D21A091BF42C9D007CE800 /* PlayingCardDeckViewController.m in Sources */ = {isa = PBXBuildFile; fileRef = E6D21A081BF42C9D007CE800 /* PlayingCardDeckViewController.m */; };
/* End PBXBuildFile section */

/* Begin PBXContainerItemProxy section */
		E63F98431B9F030500F4E843 /* PBXContainerItemProxy */ = {
			isa = PBXContainerItemProxy;
			containerPortal = E63F98211B9F030500F4E843 /* Project object */;
			proxyType = 1;
			remoteGlobalIDString = E63F98281B9F030500F4E843;
			remoteInfo = CardGame;
		};
/* End PBXContainerItemProxy section */

/* Begin PBXFileReference section */
		E617506E1BB2C4AD0087CFF4 /* Deck.h */ = {isa = PBXFileReference; fileEncoding = 4; lastKnownFileType = sourcecode.c.h; path = Deck.h; sourceTree = "<group>"; };
		E617506F1BB2C4AD0087CFF4 /* Deck.m */ = {isa = PBXFileReference; fileEncoding = 4; lastKnownFileType = sourcecode.c.objc; path = Deck.m; sourceTree = "<group>"; };
		E61750741BB2C88D0087CFF4 /* PlayingCard.h */ = {isa = PBXFileReference; fileEncoding = 4; lastKnownFileType = sourcecode.c.h; path = PlayingCard.h; sourceTree = "<group>"; };
		E61750751BB2C88D0087CFF4 /* PlayingCard.m */ = {isa = PBXFileReference; fileEncoding = 4; lastKnownFileType = sourcecode.c.objc; path = PlayingCard.m; sourceTree = "<group>"; };
		E61750771BB2D2500087CFF4 /* PlayingCardDeck.h */ = {isa = PBXFileReference; fileEncoding = 4; lastKnownFileType = sourcecode.c.h; path = PlayingCardDeck.h; sourceTree = "<group>"; };
		E61750781BB2D2500087CFF4 /* PlayingCardDeck.m */ = {isa = PBXFileReference; fileEncoding = 4; lastKnownFileType = sourcecode.c.objc; path = PlayingCardDeck.m; sourceTree = "<group>"; };
		E63F98291B9F030500F4E843 /* CardGame.app */ = {isa = PBXFileReference; explicitFileType = wrapper.application; includeInIndex = 0; path = CardGame.app; sourceTree = BUILT_PRODUCTS_DIR; };
		E63F982D1B9F030500F4E843 /* Info.plist */ = {isa = PBXFileReference; lastKnownFileType = text.plist.xml; path = Info.plist; sourceTree = "<group>"; };
		E63F982E1B9F030500F4E843 /* main.m */ = {isa = PBXFileReference; lastKnownFileType = sourcecode.c.objc; path = main.m; sourceTree = "<group>"; };
		E63F98301B9F030500F4E843 /* AppDelegate.h */ = {isa = PBXFileReference; lastKnownFileType = sourcecode.c.h; path = AppDelegate.h; sourceTree = "<group>"; };
		E63F98311B9F030500F4E843 /* AppDelegate.m */ = {isa = PBXFileReference; lastKnownFileType = sourcecode.c.objc; path = AppDelegate.m; sourceTree = "<group>"; };
		E63F98331B9F030500F4E843 /* ViewController.h */ = {isa = PBXFileReference; lastKnownFileType = sourcecode.c.h; path = ViewController.h; sourceTree = "<group>"; };
		E63F98341B9F030500F4E843 /* ViewController.m */ = {isa = PBXFileReference; lastKnownFileType = sourcecode.c.objc; path = ViewController.m; sourceTree = "<group>"; };
		E63F98371B9F030500F4E843 /* Base */ = {isa = PBXFileReference; lastKnownFileType = file.storyboard; name = Base; path = Base.lproj/Main.storyboard; sourceTree = "<group>"; };
		E63F98391B9F030500F4E843 /* Images.xcassets */ = {isa = PBXFileReference; lastKnownFileType = folder.assetcatalog; path = Images.xcassets; sourceTree = "<group>"; };
		E63F983C1B9F030500F4E843 /* Base */ = {isa = PBXFileReference; lastKnownFileType = file.xib; name = Base; path = Base.lproj/LaunchScreen.xib; sourceTree = "<group>"; };
		E63F98421B9F030500F4E843 /* CardGameTests.xctest */ = {isa = PBXFileReference; explicitFileType = wrapper.cfbundle; includeInIndex = 0; path = CardGameTests.xctest; sourceTree = BUILT_PRODUCTS_DIR; };
		E63F98471B9F030500F4E843 /* Info.plist */ = {isa = PBXFileReference; lastKnownFileType = text.plist.xml; path = Info.plist; sourceTree = "<group>"; };
		E63F98481B9F030500F4E843 /* CardGameTests.m */ = {isa = PBXFileReference; lastKnownFileType = sourcecode.c.objc; path = CardGameTests.m; sourceTree = "<group>"; };
		E63F98551B9F06C200F4E843 /* Card.h */ = {isa = PBXFileReference; fileEncoding = 4; lastKnownFileType = sourcecode.c.h; path = Card.h; sourceTree = "<group>"; };
		E63F98561B9F06C200F4E843 /* Card.m */ = {isa = PBXFileReference; fileEncoding = 4; lastKnownFileType = sourcecode.c.objc; path = Card.m; sourceTree = "<group>"; };
		E6D21A041BF0D358007CE800 /* CardMatchingGame.h */ = {isa = PBXFileReference; fileEncoding = 4; lastKnownFileType = sourcecode.c.h; path = CardMatchingGame.h; sourceTree = "<group>"; };
		E6D21A051BF0D358007CE800 /* CardMatchingGame.m */ = {isa = PBXFileReference; fileEncoding = 4; lastKnownFileType = sourcecode.c.objc; path = CardMatchingGame.m; sourceTree = "<group>"; };
		E6D21A071BF42C9D007CE800 /* PlayingCardDeckViewController.h */ = {isa = PBXFileReference; fileEncoding = 4; lastKnownFileType = sourcecode.c.h; path = PlayingCardDeckViewController.h; sourceTree = "<group>"; };
		E6D21A081BF42C9D007CE800 /* PlayingCardDeckViewController.m */ = {isa = PBXFileReference; fileEncoding = 4; lastKnownFileType = sourcecode.c.objc; path = PlayingCardDeckViewController.m; sourceTree = "<group>"; };
/* End PBXFileReference section */

/* Begin PBXFrameworksBuildPhase section */
		E63F98261B9F030500F4E843 /* Frameworks */ = {
			isa = PBXFrameworksBuildPhase;
			buildActionMask = 2147483647;
			files = (
			);
			runOnlyForDeploymentPostprocessing = 0;
		};
		E63F983F1B9F030500F4E843 /* Frameworks */ = {
			isa = PBXFrameworksBuildPhase;
			buildActionMask = 2147483647;
			files = (
			);
			runOnlyForDeploymentPostprocessing = 0;
		};
/* End PBXFrameworksBuildPhase section */

/* Begin PBXGroup section */
		E63F98201B9F030500F4E843 = {
			isa = PBXGroup;
			children = (
				E63F982B1B9F030500F4E843 /* CardGame */,
				E63F98451B9F030500F4E843 /* CardGameTests */,
				E63F982A1B9F030500F4E843 /* Products */,
			);
			sourceTree = "<group>";
		};
		E63F982A1B9F030500F4E843 /* Products */ = {
			isa = PBXGroup;
			children = (
				E63F98291B9F030500F4E843 /* CardGame.app */,
				E63F98421B9F030500F4E843 /* CardGameTests.xctest */,
			);
			name = Products;
			sourceTree = "<group>";
		};
		E63F982B1B9F030500F4E843 /* CardGame */ = {
			isa = PBXGroup;
			children = (
				E6DCF72E1BB56C89005E2FB2 /* Model */,
				E63F98331B9F030500F4E843 /* ViewController.h */,
				E6D21A071BF42C9D007CE800 /* PlayingCardDeckViewController.h */,
				E6D21A081BF42C9D007CE800 /* PlayingCardDeckViewController.m */,
				E63F98341B9F030500F4E843 /* ViewController.m */,
				E63F98361B9F030500F4E843 /* Main.storyboard */,
				E63F98391B9F030500F4E843 /* Images.xcassets */,
				E63F983B1B9F030500F4E843 /* LaunchScreen.xib */,
				E63F982C1B9F030500F4E843 /* Supporting Files */,
			);
			path = CardGame;
			sourceTree = "<group>";
		};
		E63F982C1B9F030500F4E843 /* Supporting Files */ = {
			isa = PBXGroup;
			children = (
				E63F98301B9F030500F4E843 /* AppDelegate.h */,
				E63F98311B9F030500F4E843 /* AppDelegate.m */,
				E63F982D1B9F030500F4E843 /* Info.plist */,
				E63F982E1B9F030500F4E843 /* main.m */,
			);
			name = "Supporting Files";
			sourceTree = "<group>";
		};
		E63F98451B9F030500F4E843 /* CardGameTests */ = {
			isa = PBXGroup;
			children = (
				E63F98481B9F030500F4E843 /* CardGameTests.m */,
				E63F98461B9F030500F4E843 /* Supporting Files */,
			);
			path = CardGameTests;
			sourceTree = "<group>";
		};
		E63F98461B9F030500F4E843 /* Supporting Files */ = {
			isa = PBXGroup;
			children = (
				E63F98471B9F030500F4E843 /* Info.plist */,
			);
			name = "Supporting Files";
			sourceTree = "<group>";
		};
		E6DCF72E1BB56C89005E2FB2 /* Model */ = {
			isa = PBXGroup;
			children = (
				E61750751BB2C88D0087CFF4 /* PlayingCard.m */,
				E61750741BB2C88D0087CFF4 /* PlayingCard.h */,
				E617506E1BB2C4AD0087CFF4 /* Deck.h */,
				E617506F1BB2C4AD0087CFF4 /* Deck.m */,
				E63F98551B9F06C200F4E843 /* Card.h */,
				E63F98561B9F06C200F4E843 /* Card.m */,
				E61750771BB2D2500087CFF4 /* PlayingCardDeck.h */,
				E61750781BB2D2500087CFF4 /* PlayingCardDeck.m */,
				E6D21A041BF0D358007CE800 /* CardMatchingGame.h */,
				E6D21A051BF0D358007CE800 /* CardMatchingGame.m */,
			);
			name = Model;
			sourceTree = "<group>";
		};
/* End PBXGroup section */

/* Begin PBXNativeTarget section */
		E63F98281B9F030500F4E843 /* CardGame */ = {
			isa = PBXNativeTarget;
			buildConfigurationList = E63F984C1B9F030500F4E843 /* Build configuration list for PBXNativeTarget "CardGame" */;
			buildPhases = (
				E63F98251B9F030500F4E843 /* Sources */,
				E63F98261B9F030500F4E843 /* Frameworks */,
				E63F98271B9F030500F4E843 /* Resources */,
			);
			buildRules = (
			);
			dependencies = (
			);
			name = CardGame;
			productName = CardGame;
			productReference = E63F98291B9F030500F4E843 /* CardGame.app */;
			productType = "com.apple.product-type.application";
		};
		E63F98411B9F030500F4E843 /* CardGameTests */ = {
			isa = PBXNativeTarget;
			buildConfigurationList = E63F984F1B9F030500F4E843 /* Build configuration list for PBXNativeTarget "CardGameTests" */;
			buildPhases = (
				E63F983E1B9F030500F4E843 /* Sources */,
				E63F983F1B9F030500F4E843 /* Frameworks */,
				E63F98401B9F030500F4E843 /* Resources */,
			);
			buildRules = (
			);
			dependencies = (
				E63F98441B9F030500F4E843 /* PBXTargetDependency */,
			);
			name = CardGameTests;
			productName = CardGameTests;
			productReference = E63F98421B9F030500F4E843 /* CardGameTests.xctest */;
			productType = "com.apple.product-type.bundle.unit-test";
		};
/* End PBXNativeTarget section */

/* Begin PBXProject section */
		E63F98211B9F030500F4E843 /* Project object */ = {
			isa = PBXProject;
			attributes = {
				LastUpgradeCheck = 0640;
				ORGANIZATIONNAME = ZhangYanam;
				TargetAttributes = {
					E63F98281B9F030500F4E843 = {
						CreatedOnToolsVersion = 6.4;
						DevelopmentTeam = L54VH8D525;
					};
					E63F98411B9F030500F4E843 = {
						CreatedOnToolsVersion = 6.4;
						TestTargetID = E63F98281B9F030500F4E843;
					};
				};
			};
			buildConfigurationList = E63F98241B9F030500F4E843 /* Build configuration list for PBXProject "CardGame" */;
			compatibilityVersion = "Xcode 3.2";
			developmentRegion = English;
			hasScannedForEncodings = 0;
			knownRegions = (
				en,
				Base,
			);
			mainGroup = E63F98201B9F030500F4E843;
			productRefGroup = E63F982A1B9F030500F4E843 /* Products */;
			projectDirPath = "";
			projectRoot = "";
			targets = (
				E63F98281B9F030500F4E843 /* CardGame */,
				E63F98411B9F030500F4E843 /* CardGameTests */,
			);
		};
/* End PBXProject section */

/* Begin PBXResourcesBuildPhase section */
		E63F98271B9F030500F4E843 /* Resources */ = {
			isa = PBXResourcesBuildPhase;
			buildActionMask = 2147483647;
			files = (
				E63F98381B9F030500F4E843 /* Main.storyboard in Resources */,
				E63F983D1B9F030500F4E843 /* LaunchScreen.xib in Resources */,
				E63F983A1B9F030500F4E843 /* Images.xcassets in Resources */,
			);
			runOnlyForDeploymentPostprocessing = 0;
		};
		E63F98401B9F030500F4E843 /* Resources */ = {
			isa = PBXResourcesBuildPhase;
			buildActionMask = 2147483647;
			files = (
			);
			runOnlyForDeploymentPostprocessing = 0;
		};
/* End PBXResourcesBuildPhase section */

/* Begin PBXSourcesBuildPhase section */
		E63F98251B9F030500F4E843 /* Sources */ = {
			isa = PBXSourcesBuildPhase;
			buildActionMask = 2147483647;
			files = (
				E61750761BB2C88D0087CFF4 /* PlayingCard.m in Sources */,
				E6D21A091BF42C9D007CE800 /* PlayingCardDeckViewController.m in Sources */,
				E61750701BB2C4AD0087CFF4 /* Deck.m in Sources */,
				E63F98351B9F030500F4E843 /* ViewController.m in Sources */,
				E63F98321B9F030500F4E843 /* AppDelegate.m in Sources */,
				E6D21A061BF0D358007CE800 /* CardMatchingGame.m in Sources */,
				E61750791BB2D2500087CFF4 /* PlayingCardDeck.m in Sources */,
				E63F982F1B9F030500F4E843 /* main.m in Sources */,
				E63F98571B9F06C200F4E843 /* Card.m in Sources */,
			);
			runOnlyForDeploymentPostprocessing = 0;
		};
		E63F983E1B9F030500F4E843 /* Sources */ = {
			isa = PBXSourcesBuildPhase;
			buildActionMask = 2147483647;
			files = (
				E63F98491B9F030500F4E843 /* CardGameTests.m in Sources */,
			);
			runOnlyForDeploymentPostprocessing = 0;
		};
/* End PBXSourcesBuildPhase section */

/* Begin PBXTargetDependency section */
		E63F98441B9F030500F4E843 /* PBXTargetDependency */ = {
			isa = PBXTargetDependency;
			target = E63F98281B9F030500F4E843 /* CardGame */;
			targetProxy = E63F98431B9F030500F4E843 /* PBXContainerItemProxy */;
		};
/* End PBXTargetDependency section */

/* Begin PBXVariantGroup section */
		E63F98361B9F030500F4E843 /* Main.storyboard */ = {
			isa = PBXVariantGroup;
			children = (
				E63F98371B9F030500F4E843 /* Base */,
			);
			name = Main.storyboard;
			sourceTree = "<group>";
		};
		E63F983B1B9F030500F4E843 /* LaunchScreen.xib */ = {
			isa = PBXVariantGroup;
			children = (
				E63F983C1B9F030500F4E843 /* Base */,
			);
			name = LaunchScreen.xib;
			sourceTree = "<group>";
		};
/* End PBXVariantGroup section */

/* Begin XCBuildConfiguration section */
		E63F984A1B9F030500F4E843 /* Debug */ = {
			isa = XCBuildConfiguration;
			buildSettings = {
				ALWAYS_SEARCH_USER_PATHS = NO;
				CLANG_CXX_LANGUAGE_STANDARD = "gnu++0x";
				CLANG_CXX_LIBRARY = "libc++";
				CLANG_ENABLE_MODULES = YES;
				CLANG_ENABLE_OBJC_ARC = YES;
				CLANG_WARN_BOOL_CONVERSION = YES;
				CLANG_WARN_CONSTANT_CONVERSION = YES;
				CLANG_WARN_DIRECT_OBJC_ISA_USAGE = YES_ERROR;
				CLANG_WARN_EMPTY_BODY = YES;
				CLANG_WARN_ENUM_CONVERSION = YES;
				CLANG_WARN_INT_CONVERSION = YES;
				CLANG_WARN_OBJC_ROOT_CLASS = YES_ERROR;
				CLANG_WARN_UNREACHABLE_CODE = YES;
				CLANG_WARN__DUPLICATE_METHOD_MATCH = YES;
				"CODE_SIGN_IDENTITY[sdk=iphoneos*]" = "iPhone Developer";
				COPY_PHASE_STRIP = NO;
				DEBUG_INFORMATION_FORMAT = "dwarf-with-dsym";
				ENABLE_STRICT_OBJC_MSGSEND = YES;
				GCC_C_LANGUAGE_STANDARD = gnu99;
				GCC_DYNAMIC_NO_PIC = NO;
				GCC_NO_COMMON_BLOCKS = YES;
				GCC_OPTIMIZATION_LEVEL = 0;
				GCC_PREPROCESSOR_DEFINITIONS = (
					"DEBUG=1",
					"$(inherited)",
				);
				GCC_SYMBOLS_PRIVATE_EXTERN = NO;
				GCC_WARN_64_TO_32_BIT_CONVERSION = YES;
				GCC_WARN_ABOUT_RETURN_TYPE = YES_ERROR;
				GCC_WARN_UNDECLARED_SELECTOR = YES;
				GCC_WARN_UNINITIALIZED_AUTOS = YES_AGGRESSIVE;
				GCC_WARN_UNUSED_FUNCTION = YES;
				GCC_WARN_UNUSED_VARIABLE = YES;
				IPHONEOS_DEPLOYMENT_TARGET = 8.4;
				MTL_ENABLE_DEBUG_INFO = YES;
				ONLY_ACTIVE_ARCH = YES;
				SDKROOT = iphoneos;
				TARGETED_DEVICE_FAMILY = "1,2";
			};
			name = Debug;
		};
		E63F984B1B9F030500F4E843 /* Release */ = {
			isa = XCBuildConfiguration;
			buildSettings = {
				ALWAYS_SEARCH_USER_PATHS = NO;
				CLANG_CXX_LANGUAGE_STANDARD = "gnu++0x";
				CLANG_CXX_LIBRARY = "libc++";
				CLANG_ENABLE_MODULES = YES;
				CLANG_ENABLE_OBJC_ARC = YES;
				CLANG_WARN_BOOL_CONVERSION = YES;
				CLANG_WARN_CONSTANT_CONVERSION = YES;
				CLANG_WARN_DIRECT_OBJC_ISA_USAGE = YES_ERROR;
				CLANG_WARN_EMPTY_BODY = YES;
				CLANG_WARN_ENUM_CONVERSION = YES;
				CLANG_WARN_INT_CONVERSION = YES;
				CLANG_WARN_OBJC_ROOT_CLASS = YES_ERROR;
				CLANG_WARN_UNREACHABLE_CODE = YES;
				CLANG_WARN__DUPLICATE_METHOD_MATCH = YES;
				"CODE_SIGN_IDENTITY[sdk=iphoneos*]" = "iPhone Developer";
				COPY_PHASE_STRIP = NO;
				DEBUG_INFORMATION_FORMAT = "dwarf-with-dsym";
				ENABLE_NS_ASSERTIONS = NO;
				ENABLE_STRICT_OBJC_MSGSEND = YES;
				GCC_C_LANGUAGE_STANDARD = gnu99;
				GCC_NO_COMMON_BLOCKS = YES;
				GCC_WARN_64_TO_32_BIT_CONVERSION = YES;
				GCC_WARN_ABOUT_RETURN_TYPE = YES_ERROR;
				GCC_WARN_UNDECLARED_SELECTOR = YES;
				GCC_WARN_UNINITIALIZED_AUTOS = YES_AGGRESSIVE;
				GCC_WARN_UNUSED_FUNCTION = YES;
				GCC_WARN_UNUSED_VARIABLE = YES;
				IPHONEOS_DEPLOYMENT_TARGET = 8.4;
				MTL_ENABLE_DEBUG_INFO = NO;
				SDKROOT = iphoneos;
				TARGETED_DEVICE_FAMILY = "1,2";
				VALIDATE_PRODUCT = YES;
			};
			name = Release;
		};
		E63F984D1B9F030500F4E843 /* Debug */ = {
			isa = XCBuildConfiguration;
			buildSettings = {
				ASSETCATALOG_COMPILER_APPICON_NAME = AppIcon;
				CODE_SIGN_IDENTITY = "iPhone Developer";
				INFOPLIST_FILE = CardGame/Info.plist;
				LD_RUNPATH_SEARCH_PATHS = "$(inherited) @executable_path/Frameworks";
				PRODUCT_NAME = "$(TARGET_NAME)";
			};
			name = Debug;
		};
		E63F984E1B9F030500F4E843 /* Release */ = {
			isa = XCBuildConfiguration;
			buildSettings = {
				ASSETCATALOG_COMPILER_APPICON_NAME = AppIcon;
				CODE_SIGN_IDENTITY = "iPhone Developer";
				INFOPLIST_FILE = CardGame/Info.plist;
				LD_RUNPATH_SEARCH_PATHS = "$(inherited) @executable_path/Frameworks";
				PRODUCT_NAME = "$(TARGET_NAME)";
			};
			name = Release;
		};
		E63F98501B9F030500F4E843 /* Debug */ = {
			isa = XCBuildConfiguration;
			buildSettings = {
				BUNDLE_LOADER = "$(TEST_HOST)";
				FRAMEWORK_SEARCH_PATHS = (
					"$(SDKROOT)/Developer/Library/Frameworks",
					"$(inherited)",
				);
				GCC_PREPROCESSOR_DEFINITIONS = (
					"DEBUG=1",
					"$(inherited)",
				);
				INFOPLIST_FILE = CardGameTests/Info.plist;
				LD_RUNPATH_SEARCH_PATHS = "$(inherited) @executable_path/Frameworks @loader_path/Frameworks";
				PRODUCT_NAME = "$(TARGET_NAME)";
				TEST_HOST = "$(BUILT_PRODUCTS_DIR)/CardGame.app/CardGame";
			};
			name = Debug;
		};
		E63F98511B9F030500F4E843 /* Release */ = {
			isa = XCBuildConfiguration;
			buildSettings = {
				BUNDLE_LOADER = "$(TEST_HOST)";
				FRAMEWORK_SEARCH_PATHS = (
					"$(SDKROOT)/Developer/Library/Frameworks",
					"$(inherited)",
				);
				INFOPLIST_FILE = CardGameTests/Info.plist;
				LD_RUNPATH_SEARCH_PATHS = "$(inherited) @executable_path/Frameworks @loader_path/Frameworks";
				PRODUCT_NAME = "$(TARGET_NAME)";
				TEST_HOST = "$(BUILT_PRODUCTS_DIR)/CardGame.app/CardGame";
			};
			name = Release;
		};
/* End XCBuildConfiguration section */

/* Begin XCConfigurationList section */
		E63F98241B9F030500F4E843 /* Build configuration list for PBXProject "CardGame" */ = {
			isa = XCConfigurationList;
			buildConfigurations = (
				E63F984A1B9F030500F4E843 /* Debug */,
				E63F984B1B9F030500F4E843 /* Release */,
			);
			defaultConfigurationIsVisible = 0;
			defaultConfigurationName = Release;
		};
		E63F984C1B9F030500F4E843 /* Build configuration list for PBXNativeTarget "CardGame" */ = {
			isa = XCConfigurationList;
			buildConfigurations = (
				E63F984D1B9F030500F4E843 /* Debug */,
				E63F984E1B9F030500F4E843 /* Release */,
			);
			defaultConfigurationIsVisible = 0;
			defaultConfigurationName = Release;
		};
		E63F984F1B9F030500F4E843 /* Build configuration list for PBXNativeTarget "CardGameTests" */ = {
			isa = XCConfigurationList;
			buildConfigurations = (
				E63F98501B9F030500F4E843 /* Debug */,
				E63F98511B9F030500F4E843 /* Release */,
			);
			defaultConfigurationIsVisible = 0;
			defaultConfigurationName = Release;
		};
/* End XCConfigurationList section */
	};
	rootObject = E63F98211B9F030500F4E843 /* Project object */;
}
